
Microsoft Visual Studio Solution File, Format Version 12.00
# Visual Studio Version 17
VisualStudioVersion = 17.1.32414.318
MinimumVisualStudioVersion = 10.0.40219.1
Project("{2150E333-8FDC-42A3-9474-1A3956D46DE8}") = "ef2", "ef2", "{4DDC432D-7FAF-482A-B39A-64461CDC8177}"
EndProject
Project("{2150E333-8FDC-42A3-9474-1A3956D46DE8}") = "ef6", "ef6", "{974BCDDA-C1B6-4C59-8E54-4717506C4679}"
EndProject
Project("{9A19103F-16F7-4668-BE54-9A1E7A4F7556}") = "EF6CorePerf", "ef6\EF6CorePerf.Tests\EF6CorePerf.csproj", "{39DD46A8-6E70-4A8E-9214-4A6C37F1C9C4}"
EndProject
Project("{9A19103F-16F7-4668-BE54-9A1E7A4F7556}") = "EF6CorePerf.Model", "ef6\EF6CorePerf.Model\EF6CorePerf.Model.csproj", "{8DFFC834-8D7D-47E1-A07F-6C8547C63DCF}"
EndProject
Project("{9A19103F-16F7-4668-BE54-9A1E7A4F7556}") = "EF2CorePerf.Model", "ef2\EF2CorePerf.Model\EF2CorePerf.Model.csproj", "{73B3DE6A-458E-45B0-82FC-3B40E80F34BC}"
EndProject
Project("{9A19103F-16F7-4668-BE54-9A1E7A4F7556}") = "EF2CorePerf", "ef2\EF2CorePerf.Tests\EF2CorePerf.csproj", "{95D5EA2C-27D1-4249-9C8C-64232474035B}"
EndProject
Project("{2150E333-8FDC-42A3-9474-1A3956D46DE8}") = "Solution Items", "Solution Items", "{7BC2BABA-FF89-468A-8CFF-62452264A4EB}"
	ProjectSection(SolutionItems) = preProject
		readme.md = readme.md
	EndProjectSection
EndProject
Project("{2150E333-8FDC-42A3-9474-1A3956D46DE8}") = "seed", "seed", "{F3EC5C49-2E14-4589-856A-DF14D32E35C1}"
EndProject
Project("{9A19103F-16F7-4668-BE54-9A1E7A4F7556}") = "seed", "seed\seed.csproj", "{DCDB9D3F-5FC6-41D8-B8CB-3CA0D29D7075}"
EndProject
Project("{2150E333-8FDC-42A3-9474-1A3956D46DE8}") = "common", "common", "{CD6F4802-5135-491E-B006-29881A7863AC}"
EndProject
Project("{9A19103F-16F7-4668-BE54-9A1E7A4F7556}") = "common", "common\common.csproj", "{FD59739C-19AC-44C0-AB39-393BBB04588B}"
EndProject
Project("{FAE04EC0-301F-11D3-BF4B-00C04F79EFBC}") = "EF2Benchmark", "ef2\EF2Benchmark\EF2Benchmark.csproj", "{2B1FDC2A-26D0-4B40-A15A-3719C1C8586F}"
EndProject
Project("{9A19103F-16F7-4668-BE54-9A1E7A4F7556}") = "EF6Benchmark", "ef6\EF6Benchmark\EF6Benchmark.csproj", "{F6C0FAB0-84E4-4558-8200-A8390C32872D}"
EndProject
Global
	GlobalSection(SolutionConfigurationPlatforms) = preSolution
		Debug|Any CPU = Debug|Any CPU
		iOSDebug|Any CPU = iOSDebug|Any CPU
		Release|Any CPU = Release|Any CPU
	EndGlobalSection
	GlobalSection(ProjectConfigurationPlatforms) = postSolution
		{39DD46A8-6E70-4A8E-9214-4A6C37F1C9C4}.Debug|Any CPU.ActiveCfg = Debug|Any CPU
		{39DD46A8-6E70-4A8E-9214-4A6C37F1C9C4}.Debug|Any CPU.Build.0 = Debug|Any CPU
		{39DD46A8-6E70-4A8E-9214-4A6C37F1C9C4}.iOSDebug|Any CPU.ActiveCfg = Debug|Any CPU
		{39DD46A8-6E70-4A8E-9214-4A6C37F1C9C4}.iOSDebug|Any CPU.Build.0 = Debug|Any CPU
		{39DD46A8-6E70-4A8E-9214-4A6C37F1C9C4}.Release|Any CPU.ActiveCfg = Release|Any CPU
		{39DD46A8-6E70-4A8E-9214-4A6C37F1C9C4}.Release|Any CPU.Build.0 = Release|Any CPU
		{8DFFC834-8D7D-47E1-A07F-6C8547C63DCF}.Debug|Any CPU.ActiveCfg = Debug|Any CPU
		{8DFFC834-8D7D-47E1-A07F-6C8547C63DCF}.Debug|Any CPU.Build.0 = Debug|Any CPU
		{8DFFC834-8D7D-47E1-A07F-6C8547C63DCF}.iOSDebug|Any CPU.ActiveCfg = Debug|Any CPU
		{8DFFC834-8D7D-47E1-A07F-6C8547C63DCF}.iOSDebug|Any CPU.Build.0 = Debug|Any CPU
		{8DFFC834-8D7D-47E1-A07F-6C8547C63DCF}.Release|Any CPU.ActiveCfg = Release|Any CPU
		{8DFFC834-8D7D-47E1-A07F-6C8547C63DCF}.Release|Any CPU.Build.0 = Release|Any CPU
		{73B3DE6A-458E-45B0-82FC-3B40E80F34BC}.Debug|Any CPU.ActiveCfg = Debug|Any CPU
		{73B3DE6A-458E-45B0-82FC-3B40E80F34BC}.Debug|Any CPU.Build.0 = Debug|Any CPU
		{73B3DE6A-458E-45B0-82FC-3B40E80F34BC}.iOSDebug|Any CPU.ActiveCfg = Debug|Any CPU
		{73B3DE6A-458E-45B0-82FC-3B40E80F34BC}.iOSDebug|Any CPU.Build.0 = Debug|Any CPU
		{73B3DE6A-458E-45B0-82FC-3B40E80F34BC}.Release|Any CPU.ActiveCfg = Release|Any CPU
		{73B3DE6A-458E-45B0-82FC-3B40E80F34BC}.Release|Any CPU.Build.0 = Release|Any CPU
		{95D5EA2C-27D1-4249-9C8C-64232474035B}.Debug|Any CPU.ActiveCfg = Debug|Any CPU
		{95D5EA2C-27D1-4249-9C8C-64232474035B}.Debug|Any CPU.Build.0 = Debug|Any CPU
		{95D5EA2C-27D1-4249-9C8C-64232474035B}.iOSDebug|Any CPU.ActiveCfg = Debug|Any CPU
		{95D5EA2C-27D1-4249-9C8C-64232474035B}.iOSDebug|Any CPU.Build.0 = Debug|Any CPU
		{95D5EA2C-27D1-4249-9C8C-64232474035B}.Release|Any CPU.ActiveCfg = Release|Any CPU
		{95D5EA2C-27D1-4249-9C8C-64232474035B}.Release|Any CPU.Build.0 = Release|Any CPU
		{DCDB9D3F-5FC6-41D8-B8CB-3CA0D29D7075}.Debug|Any CPU.ActiveCfg = Debug|Any CPU
		{DCDB9D3F-5FC6-41D8-B8CB-3CA0D29D7075}.Debug|Any CPU.Build.0 = Debug|Any CPU
		{DCDB9D3F-5FC6-41D8-B8CB-3CA0D29D7075}.iOSDebug|Any CPU.ActiveCfg = Debug|Any CPU
		{DCDB9D3F-5FC6-41D8-B8CB-3CA0D29D7075}.iOSDebug|Any CPU.Build.0 = Debug|Any CPU
		{DCDB9D3F-5FC6-41D8-B8CB-3CA0D29D7075}.Release|Any CPU.ActiveCfg = Release|Any CPU
		{DCDB9D3F-5FC6-41D8-B8CB-3CA0D29D7075}.Release|Any CPU.Build.0 = Release|Any CPU
		{FD59739C-19AC-44C0-AB39-393BBB04588B}.Debug|Any CPU.ActiveCfg = Debug|Any CPU
		{FD59739C-19AC-44C0-AB39-393BBB04588B}.Debug|Any CPU.Build.0 = Debug|Any CPU
		{FD59739C-19AC-44C0-AB39-393BBB04588B}.iOSDebug|Any CPU.ActiveCfg = Debug|Any CPU
		{FD59739C-19AC-44C0-AB39-393BBB04588B}.iOSDebug|Any CPU.Build.0 = Debug|Any CPU
		{FD59739C-19AC-44C0-AB39-393BBB04588B}.Release|Any CPU.ActiveCfg = Release|Any CPU
		{FD59739C-19AC-44C0-AB39-393BBB04588B}.Release|Any CPU.Build.0 = Release|Any CPU
		{2B1FDC2A-26D0-4B40-A15A-3719C1C8586F}.Debug|Any CPU.ActiveCfg = Debug|Any CPU
		{2B1FDC2A-26D0-4B40-A15A-3719C1C8586F}.Debug|Any CPU.Build.0 = Debug|Any CPU
		{2B1FDC2A-26D0-4B40-A15A-3719C1C8586F}.iOSDebug|Any CPU.ActiveCfg = Debug|Any CPU
		{2B1FDC2A-26D0-4B40-A15A-3719C1C8586F}.iOSDebug|Any CPU.Build.0 = Debug|Any CPU
		{2B1FDC2A-26D0-4B40-A15A-3719C1C8586F}.Release|Any CPU.ActiveCfg = Release|Any CPU
		{2B1FDC2A-26D0-4B40-A15A-3719C1C8586F}.Release|Any CPU.Build.0 = Release|Any CPU
		{F6C0FAB0-84E4-4558-8200-A8390C32872D}.Debug|Any CPU.ActiveCfg = Debug|Any CPU
		{F6C0FAB0-84E4-4558-8200-A8390C32872D}.Debug|Any CPU.Build.0 = Debug|Any CPU
		{F6C0FAB0-84E4-4558-8200-A8390C32872D}.iOSDebug|Any CPU.ActiveCfg = Debug|Any CPU
		{F6C0FAB0-84E4-4558-8200-A8390C32872D}.iOSDebug|Any CPU.Build.0 = Debug|Any CPU
		{F6C0FAB0-84E4-4558-8200-A8390C32872D}.Release|Any CPU.ActiveCfg = Release|Any CPU
		{F6C0FAB0-84E4-4558-8200-A8390C32872D}.Release|Any CPU.Build.0 = Release|Any CPU
	EndGlobalSection
	GlobalSection(SolutionProperties) = preSolution
		HideSolutionNode = FALSE
	EndGlobalSection
	GlobalSection(NestedProjects) = preSolution
		{39DD46A8-6E70-4A8E-9214-4A6C37F1C9C4} = {974BCDDA-C1B6-4C59-8E54-4717506C4679}
		{8DFFC834-8D7D-47E1-A07F-6C8547C63DCF} = {974BCDDA-C1B6-4C59-8E54-4717506C4679}
		{73B3DE6A-458E-45B0-82FC-3B40E80F34BC} = {4DDC432D-7FAF-482A-B39A-64461CDC8177}
		{95D5EA2C-27D1-4249-9C8C-64232474035B} = {4DDC432D-7FAF-482A-B39A-64461CDC8177}
		{DCDB9D3F-5FC6-41D8-B8CB-3CA0D29D7075} = {F3EC5C49-2E14-4589-856A-DF14D32E35C1}
		{FD59739C-19AC-44C0-AB39-393BBB04588B} = {CD6F4802-5135-491E-B006-29881A7863AC}
		{2B1FDC2A-26D0-4B40-A15A-3719C1C8586F} = {4DDC432D-7FAF-482A-B39A-64461CDC8177}
		{F6C0FAB0-84E4-4558-8200-A8390C32872D} = {974BCDDA-C1B6-4C59-8E54-4717506C4679}
	EndGlobalSection
	GlobalSection(ExtensibilityGlobals) = postSolution
		SolutionGuid = {392E1749-5756-4BE8-892A-A7202E6F9EFE}
	EndGlobalSection
EndGlobal
